PODS:
  - Kiwi (2.3.1)
  - Mantle (1.5.4):
    - Mantle/extobjc (= 1.5.4)
  - Mantle/extobjc (1.5.4)
  - NSArray+Functional (1.0.0)

DEPENDENCIES:
  - Kiwi (~> 2.3.1)
  - Mantle (~> 1.5.4)
  - NSArray+Functional (= 1.0.0)

SPEC CHECKSUMS:
  Kiwi: f038a6c61f7a9e4d7766bff5717aa3b3fdb75f55
  Mantle: 60acd0cd363e27d945bda0a6b8e90577112d28f3
  NSArray+Functional: 70450a935ad6cf933f675251311c14385815506d

COCOAPODS: 0.36.4
